{
    "_meta": {
        "hash": {
            "sha256": "17283ecddf3b172ee57cb142d3d5b0878296c494b1768c5be2a6bd90ba1ed8c9"
        },
        "pipfile-spec": 6,
        "requires": {
            "python_version": "3.7"
        },
        "sources": [
            {
                "name": "pypi",
                "url": "https://pypi.org/simple",
                "verify_ssl": true
            }
        ]
    },
    "default": {
        "certifi": {
            "hashes": [
                "sha256:2bbf76fd432960138b3ef6dda3dde0544f27cbf8546c458e60baf371917ba9ee",
                "sha256:50b1e4f8446b06f41be7dd6338db18e0990601dce795c2b1686458aa7e8fa7d8"
            ],
            "version": "==2021.5.30"
        },
        "chardet": {
            "hashes": [
                "sha256:0d6f53a15db4120f2b08c94f11e7d93d2c911ee118b6b30a04ec3ee8310179fa",
                "sha256:f864054d66fd9118f2e67044ac8981a54775ec5b67aed0441892edb553d21da5"
            ],
            "version": "==4.0.0"
        },
        "coreapi": {
            "hashes": [
                "sha256:46145fcc1f7017c076a2ef684969b641d18a2991051fddec9458ad3f78ffc1cb",
                "sha256:bf39d118d6d3e171f10df9ede5666f63ad80bba9a29a8ec17726a66cf52ee6f3"
            ],
            "version": "==2.3.3"
        },
        "coreschema": {
            "hashes": [
                "sha256:5e6ef7bf38c1525d5e55a895934ab4273548629f16aed5c0a6caa74ebf45551f",
                "sha256:9503506007d482ab0867ba14724b93c18a33b22b6d19fb419ef2d239dd4a1607"
            ],
            "version": "==0.0.4"
        },
        "defusedxml": {
            "hashes": [
                "sha256:1bb3032db185915b62d7c6209c5a8792be6a32ab2fedacc84e01b52c51aa3e69",
                "sha256:a352e7e428770286cc899e2542b6cdaedb2b4953ff269a210103ec58f6198a61"
            ],
            "version": "==0.7.1"
        },
        "django": {
            "hashes": [
                "sha256:69897097095f336d5aeef45b4103dceae51c00afa6d3ae198a2a18e519791b7a",
                "sha256:6ecd229e1815d4fc5240fc98f1cca78c41e7a8cd3e3f2eefadc4735031077916"
            ],
            "index": "pypi",
            "version": "==2.2.12"
        },
        "django-allauth": {
            "hashes": [
                "sha256:f17209410b7f87da0a84639fd79d3771b596a6d3fc1a8e48ce50dabc7f441d30"
            ],
            "index": "pypi",
            "version": "==0.42.0"
        },
        "django-appconf": {
            "hashes": [
                "sha256:1b1d0e1069c843ebe8ae5aa48ec52403b1440402b320c3e3a206a0907e97bb06",
                "sha256:be58deb54a43d77d2e1621fe59f787681376d3cd0b8bd8e4758ef6c3a6453380"
            ],
            "version": "==1.0.4"
        },
        "django-cleanup": {
            "hashes": [
                "sha256:84f0c0e0a74545adae4c944a76ccf8fb0c195dddccf3b7195c59267abb7763dd",
                "sha256:de5948e74e00fc74d19bf15e062477b45090ba467587f45b2459eae8f97bc4f4"
            ],
            "index": "pypi",
            "version": "==5.0.0"
        },
        "django-cors-headers": {
            "hashes": [
                "sha256:5240062ef0b16668ce8a5f43324c388d65f5439e1a30e22c38684d5ddaff0d15",
                "sha256:f5218f2f0bb1210563ff87687afbf10786e080d8494a248e705507ebd92d7153"
            ],
            "index": "pypi",
            "version": "==3.4.0"
        },
        "django-countries": {
            "hashes": [
                "sha256:64015977a5989bcb0e645007299b19fe8ac117466af375161b26bcfa32ae2808",
                "sha256:a0f77154ae08cb38a0d65530a399ead5f5837ebf6c74f7576e71bb7acdacca94"
            ],
            "index": "pypi",
            "version": "==6.1.3"
        },
        "django-debug-toolbar": {
            "hashes": [
                "sha256:eabbefe89881bbe4ca7c980ff102e3c35c8e8ad6eb725041f538988f2f39a943",
                "sha256:ff94725e7aae74b133d0599b9bf89bd4eb8f5d2c964106e61d11750228c8774c"
            ],
            "index": "pypi",
            "version": "==2.2"
        },
        "django-environ": {
            "hashes": [
                "sha256:6c9d87660142608f63ec7d5ce5564c49b603ea8ff25da595fd6098f6dc82afde",
                "sha256:c57b3c11ec1f319d9474e3e5a79134f40174b17c7cc024bbb2fad84646b120c4"
            ],
            "index": "pypi",
            "version": "==0.4.5"
        },
        "django-extensions": {
            "hashes": [
                "sha256:40d4b7aec7bbe66dda8704fbfaf2e1b7e04ec4aea6b10dcbd78d8af7c37bfddb",
                "sha256:6306175ae8c78c18ea7aff794f5fa3a47de7d128666e6668bd40596895da7f84"
            ],
            "index": "pypi",
            "version": "==3.0.5"
        },
        "django-feather": {
            "hashes": [
                "sha256:8db844056b1732b992ccfb6b7080ada8bf024a0e5d7dad66e36bb2616eb63002",
                "sha256:cbfccda50a664e77ac5ef823e00b11c40e09e4f8cae3758af370479c925c0081"
            ],
            "index": "pypi",
            "version": "==0.2.6"
        },
        "django-filter": {
            "hashes": [
                "sha256:558c727bce3ffa89c4a7a0b13bc8976745d63e5fd576b3a9a851650ef11c401b",
                "sha256:c3deb57f0dd7ff94d7dce52a047516822013e2b441bed472b722a317658cfd14"
            ],
            "index": "pypi",
            "version": "==2.2"
        },
        "django-imagekit": {
            "hashes": [
                "sha256:304c3379f6a5cac387e47ace11195a603ad3cb01e3e951b45489824d25b00359",
                "sha256:6ec0afb77cdf52cd453c9fc2c10ef350d111edfd6ce53c5977aa8a0e22cee00c"
            ],
            "index": "pypi",
            "version": "==4.0.2"
        },
        "django-phone-field": {
            "hashes": [
                "sha256:407e74b65e8f7dd14d0a0aa89e277516d57ad6a09ce992cdd94e15b1624b9961",
                "sha256:db63af60fc3a3c66b9faa7e72bb7972cd1518299f2e93d68dd95d8df6214f7ed"
            ],
            "index": "pypi",
            "version": "==1.8.1"
        },
        "django-rest-auth": {
            "hashes": [
                "sha256:f11e12175dafeed772f50d740d22caeab27e99a3caca24ec65e66a8d6de16571"
            ],
            "index": "pypi",
            "version": "==0.9.5"
        },
        "djangorestframework": {
            "hashes": [
                "sha256:6dd02d5a4bd2516fb93f80360673bf540c3b6641fec8766b1da2870a5aa00b32",
                "sha256:8b1ac62c581dbc5799b03e535854b92fc4053ecfe74bad3f9c05782063d4196b"
            ],
            "index": "pypi",
            "version": "==3.11.1"
        },
        "djangorestframework-simplejwt": {
            "hashes": [
                "sha256:288ee78618d906f26abf6282b639b8f1806ce1d9a7578897a125cf79c609f259",
                "sha256:c315be70aa12a5f5790c0ab9acd426c3a58eebea65a77d0893248c5144a5080c"
            ],
            "index": "pypi",
            "version": "==4.4.0"
        },
        "drf-yasg": {
            "hashes": [
                "sha256:5572e9d5baab9f6b49318169df9789f7399d0e3c7bdac8fdb8dfccf1d5d2b1ca",
                "sha256:7d7af27ad16e18507e9392b2afd6b218fbffc432ec8dbea053099a2241e184ff"
            ],
            "index": "pypi",
            "version": "==1.17.1"
        },
        "gunicorn": {
            "hashes": [
                "sha256:1904bb2b8a43658807108d59c3f3d56c2b6121a701161de0ddf9ad140073c626",
                "sha256:cd4a810dd51bf497552cf3f863b575dabd73d6ad6a91075b65936b151cbf4f9c"
            ],
            "index": "pypi",
            "version": "==20.0.4"
        },
        "idna": {
            "hashes": [
                "sha256:b307872f855b18632ce0c21c5e45be78c0ea7ae4c15c828c20788b26921eb3f6",
                "sha256:b97d804b1e9b523befed77c48dacec60e6dcb0b5391d57af6a65a312a90648c0"
            ],
            "version": "==2.10"
        },
        "importlib-metadata": {
            "hashes": [
                "sha256:960d52ba7c21377c990412aca380bf3642d734c2eaab78a2c39319f67c6a5786",
                "sha256:e592faad8de1bda9fe920cf41e15261e7131bcf266c30306eec00e8e225c1dd5"
            ],
            "markers": "python_version < '3.8'",
            "version": "==4.4.0"
        },
        "inflection": {
            "hashes": [
                "sha256:1a29730d366e996aaacffb2f1f1cb9593dc38e2ddd30c91250c6dde09ea9b417",
                "sha256:f38b2b640938a4f35ade69ac3d053042959b62a0f1076a5bbaa1b9526605a8a2"
            ],
            "version": "==0.5.1"
        },
        "itypes": {
            "hashes": [
                "sha256:03da6872ca89d29aef62773672b2d408f490f80db48b23079a4b194c86dd04c6",
                "sha256:af886f129dea4a2a1e3d36595a2d139589e4dd287f5cab0b40e799ee81570ff1"
            ],
            "version": "==1.2.0"
        },
        "jinja2": {
            "hashes": [
                "sha256:1f06f2da51e7b56b8f238affdd6b4e2c61e39598a378cc49345bc1bd42a978a4",
                "sha256:703f484b47a6af502e743c9122595cc812b0271f661722403114f71a79d0f5a4"
            ],
            "version": "==3.0.1"
        },
        "markdown": {
            "hashes": [
                "sha256:1fafe3f1ecabfb514a5285fca634a53c1b32a81cb0feb154264d55bf2ff22c17",
                "sha256:c467cd6233885534bf0fe96e62e3cf46cfc1605112356c4f9981512b8174de59"
            ],
            "index": "pypi",
            "version": "==3.2.2"
        },
        "markupsafe": {
            "hashes": [
                "sha256:01a9b8ea66f1658938f65b93a85ebe8bc016e6769611be228d797c9d998dd298",
                "sha256:023cb26ec21ece8dc3907c0e8320058b2e0cb3c55cf9564da612bc325bed5e64",
                "sha256:0446679737af14f45767963a1a9ef7620189912317d095f2d9ffa183a4d25d2b",
                "sha256:0717a7390a68be14b8c793ba258e075c6f4ca819f15edfc2a3a027c823718567",
                "sha256:0955295dd5eec6cb6cc2fe1698f4c6d84af2e92de33fbcac4111913cd100a6ff",
                "sha256:10f82115e21dc0dfec9ab5c0223652f7197feb168c940f3ef61563fc2d6beb74",
                "sha256:1d609f577dc6e1aa17d746f8bd3c31aa4d258f4070d61b2aa5c4166c1539de35",
                "sha256:2ef54abee730b502252bcdf31b10dacb0a416229b72c18b19e24a4509f273d26",
                "sha256:3c112550557578c26af18a1ccc9e090bfe03832ae994343cfdacd287db6a6ae7",
                "sha256:47ab1e7b91c098ab893b828deafa1203de86d0bc6ab587b160f78fe6c4011f75",
                "sha256:49e3ceeabbfb9d66c3aef5af3a60cc43b85c33df25ce03d0031a608b0a8b2e3f",
                "sha256:4efca8f86c54b22348a5467704e3fec767b2db12fc39c6d963168ab1d3fc9135",
                "sha256:53edb4da6925ad13c07b6d26c2a852bd81e364f95301c66e930ab2aef5b5ddd8",
                "sha256:594c67807fb16238b30c44bdf74f36c02cdf22d1c8cda91ef8a0ed8dabf5620a",
                "sha256:611d1ad9a4288cf3e3c16014564df047fe08410e628f89805e475368bd304914",
                "sha256:6557b31b5e2c9ddf0de32a691f2312a32f77cd7681d8af66c2692efdbef84c18",
                "sha256:693ce3f9e70a6cf7d2fb9e6c9d8b204b6b39897a2c4a1aa65728d5ac97dcc1d8",
                "sha256:6a7fae0dd14cf60ad5ff42baa2e95727c3d81ded453457771d02b7d2b3f9c0c2",
                "sha256:6c4ca60fa24e85fe25b912b01e62cb969d69a23a5d5867682dd3e80b5b02581d",
                "sha256:7d91275b0245b1da4d4cfa07e0faedd5b0812efc15b702576d103293e252af1b",
                "sha256:905fec760bd2fa1388bb5b489ee8ee5f7291d692638ea5f67982d968366bef9f",
                "sha256:97383d78eb34da7e1fa37dd273c20ad4320929af65d156e35a5e2d89566d9dfb",
                "sha256:984d76483eb32f1bcb536dc27e4ad56bba4baa70be32fa87152832cdd9db0833",
                "sha256:a30e67a65b53ea0a5e62fe23682cfe22712e01f453b95233b25502f7c61cb415",
                "sha256:ab3ef638ace319fa26553db0624c4699e31a28bb2a835c5faca8f8acf6a5a902",
                "sha256:b2f4bf27480f5e5e8ce285a8c8fd176c0b03e93dcc6646477d4630e83440c6a9",
                "sha256:b7f2d075102dc8c794cbde1947378051c4e5180d52d276987b8d28a3bd58c17d",
                "sha256:be98f628055368795d818ebf93da628541e10b75b41c559fdf36d104c5787066",
                "sha256:d7f9850398e85aba693bb640262d3611788b1f29a79f0c93c565694658f4071f",
                "sha256:f5653a225f31e113b152e56f154ccbe59eeb1c7487b39b9d9f9cdb58e6c79dc5",
                "sha256:f826e31d18b516f653fe296d967d700fddad5901ae07c622bb3705955e1faa94",
                "sha256:f8ba0e8349a38d3001fae7eadded3f6606f0da5d748ee53cc1dab1d6527b9509",
                "sha256:f9081981fe268bd86831e5c75f7de206ef275defcb82bc70740ae6dc507aee51",
                "sha256:fa130dd50c57d53368c9d59395cb5526eda596d3ffe36666cd81a44d56e48872"
            ],
            "version": "==2.0.1"
        },
        "oauthlib": {
            "hashes": [
                "sha256:42bf6354c2ed8c6acb54d971fce6f88193d97297e18602a3a886603f9d7730cc",
                "sha256:8f0215fcc533dd8dd1bee6f4c412d4f0cd7297307d43ac61666389e3bc3198a3"
            ],
            "version": "==3.1.1"
        },
        "packaging": {
            "hashes": [
                "sha256:5b327ac1320dc863dca72f4514ecc086f31186744b84a230374cc1fd776feae5",
                "sha256:67714da7f7bc052e064859c05c595155bd1ee9f69f76557e21f051443c20947a"
            ],
            "version": "==20.9"
        },
        "pilkit": {
            "hashes": [
                "sha256:ddb30c2f0198a147e56b151476c3bb9fe045fbfd5b0a0fa2a3148dba62d1559f"
            ],
            "version": "==2.0"
        },
        "pillow": {
            "hashes": [
                "sha256:0295442429645fa16d05bd567ef5cff178482439c9aad0411d3f0ce9b88b3a6f",
                "sha256:06aba4169e78c439d528fdeb34762c3b61a70813527a2c57f0540541e9f433a8",
                "sha256:09d7f9e64289cb40c2c8d7ad674b2ed6105f55dc3b09aa8e4918e20a0311e7ad",
                "sha256:0a80dd307a5d8440b0a08bd7b81617e04d870e40a3e46a32d9c246e54705e86f",
                "sha256:1ca594126d3c4def54babee699c055a913efb01e106c309fa6b04405d474d5ae",
                "sha256:25930fadde8019f374400f7986e8404c8b781ce519da27792cbe46eabec00c4d",
                "sha256:431b15cffbf949e89df2f7b48528be18b78bfa5177cb3036284a5508159492b5",
                "sha256:52125833b070791fcb5710fabc640fc1df07d087fc0c0f02d3661f76c23c5b8b",
                "sha256:5e51ee2b8114def244384eda1c82b10e307ad9778dac5c83fb0943775a653cd8",
                "sha256:612cfda94e9c8346f239bf1a4b082fdd5c8143cf82d685ba2dba76e7adeeb233",
                "sha256:6d7741e65835716ceea0fd13a7d0192961212fd59e741a46bbed7a473c634ed6",
                "sha256:6edb5446f44d901e8683ffb25ebdfc26988ee813da3bf91e12252b57ac163727",
                "sha256:725aa6cfc66ce2857d585f06e9519a1cc0ef6d13f186ff3447ab6dff0a09bc7f",
                "sha256:8dad18b69f710bf3a001d2bf3afab7c432785d94fcf819c16b5207b1cfd17d38",
                "sha256:94cf49723928eb6070a892cb39d6c156f7b5a2db4e8971cb958f7b6b104fb4c4",
                "sha256:97f9e7953a77d5a70f49b9a48da7776dc51e9b738151b22dacf101641594a626",
                "sha256:9ad7f865eebde135d526bb3163d0b23ffff365cf87e767c649550964ad72785d",
                "sha256:9c87ef410a58dd54b92424ffd7e28fd2ec65d2f7fc02b76f5e9b2067e355ebf6",
                "sha256:a060cf8aa332052df2158e5a119303965be92c3da6f2d93b6878f0ebca80b2f6",
                "sha256:c79f9c5fb846285f943aafeafda3358992d64f0ef58566e23484132ecd8d7d63",
                "sha256:c92302a33138409e8f1ad16731568c55c9053eee71bb05b6b744067e1b62380f",
                "sha256:d08b23fdb388c0715990cbc06866db554e1822c4bdcf6d4166cf30ac82df8c41",
                "sha256:d350f0f2c2421e65fbc62690f26b59b0bcda1b614beb318c81e38647e0f673a1",
                "sha256:e901964262a56d9ea3c2693df68bc9860b8bdda2b04768821e4c44ae797de117",
                "sha256:ec29604081f10f16a7aea809ad42e27764188fc258b02259a03a8ff7ded3808d",
                "sha256:edf31f1150778abd4322444c393ab9c7bd2af271dd4dafb4208fb613b1f3cdc9",
                "sha256:f7e30c27477dffc3e85c2463b3e649f751789e0f6c8456099eea7ddd53be4a8a",
                "sha256:ffe538682dc19cc542ae7c3e504fdf54ca7f86fb8a135e59dd6bc8627eae6cce"
            ],
            "index": "pypi",
            "version": "==7.2.0"
        },
        "psycopg2-binary": {
            "hashes": [
                "sha256:008da3ab51adc70a5f1cfbbe5db3a22607ab030eb44bcecf517ad11a0c2b3cac",
                "sha256:07cf82c870ec2d2ce94d18e70c13323c89f2f2a2628cbf1feee700630be2519a",
                "sha256:08507efbe532029adee21b8d4c999170a83760d38249936038bd0602327029b5",
                "sha256:107d9be3b614e52a192719c6bf32e8813030020ea1d1215daa86ded9a24d8b04",
                "sha256:17a0ea0b0eabf07035e5e0d520dabc7950aeb15a17c6d36128ba99b2721b25b1",
                "sha256:3286541b9d85a340ee4ed42732d15fc1bb441dc500c97243a768154ab8505bb5",
                "sha256:3939cf75fc89c5e9ed836e228c4a63604dff95ad19aed2bbf71d5d04c15ed5ce",
                "sha256:40abc319f7f26c042a11658bf3dd3b0b3bceccf883ec1c565d5c909a90204434",
                "sha256:51f7823f1b087d2020d8e8c9e6687473d3d239ba9afc162d9b2ab6e80b53f9f9",
                "sha256:6bb2dd006a46a4a4ce95201f836194eb6a1e863f69ee5bab506673e0ca767057",
                "sha256:702f09d8f77dc4794651f650828791af82f7c2efd8c91ae79e3d9fe4bb7d4c98",
                "sha256:7036ccf715925251fac969f4da9ad37e4b7e211b1e920860148a10c0de963522",
                "sha256:7b832d76cc65c092abd9505cc670c4e3421fd136fb6ea5b94efbe4c146572505",
                "sha256:8f74e631b67482d504d7e9cf364071fc5d54c28e79a093ff402d5f8f81e23bfa",
                "sha256:930315ac53dc65cbf52ab6b6d27422611f5fb461d763c531db229c7e1af6c0b3",
                "sha256:96d3038f5bd061401996614f65d27a4ecb62d843eb4f48e212e6d129171a721f",
                "sha256:a20299ee0ea2f9cca494396ac472d6e636745652a64a418b39522c120fd0a0a4",
                "sha256:a34826d6465c2e2bbe9d0605f944f19d2480589f89863ed5f091943be27c9de4",
                "sha256:a69970ee896e21db4c57e398646af9edc71c003bc52a3cc77fb150240fefd266",
                "sha256:b9a8b391c2b0321e0cd7ec6b4cfcc3dd6349347bd1207d48bcb752aa6c553a66",
                "sha256:ba13346ff6d3eb2dca0b6fa0d8a9d999eff3dcd9b55f3a890f12b0b6362b2b38",
                "sha256:bb0608694a91db1e230b4a314e8ed00ad07ed0c518f9a69b83af2717e31291a3",
                "sha256:c8830b7d5f16fd79d39b21e3d94f247219036b29b30c8270314c46bf8b732389",
                "sha256:cac918cd7c4c498a60f5d2a61d4f0a6091c2c9490d81bc805c963444032d0dab",
                "sha256:cc30cb900f42c8a246e2cb76539d9726f407330bc244ca7729c41a44e8d807fb",
                "sha256:ccdc6a87f32b491129ada4b87a43b1895cf2c20fdb7f98ad979647506ffc41b6",
                "sha256:d1a8b01f6a964fec702d6b6dac1f91f2b9f9fe41b310cbb16c7ef1fac82df06d",
                "sha256:e004db88e5a75e5fdab1620fb9f90c9598c2a195a594225ac4ed2a6f1c23e162",
                "sha256:eb2f43ae3037f1ef5e19339c41cf56947021ac892f668765cd65f8ab9814192e",
                "sha256:fa466306fcf6b39b8a61d003123d442b23707d635a5cb05ac4e1b62cc79105cd"
            ],
            "index": "pypi",
            "version": "==2.8.5"
        },
        "pyjwt": {
            "hashes": [
                "sha256:934d73fbba91b0483d3857d1aff50e96b2a892384ee2c17417ed3203f173fca1",
                "sha256:fba44e7898bbca160a2b2b501f492824fc8382485d3a6f11ba5d0c1937ce6130"
            ],
            "version": "==2.1.0"
        },
        "pyparsing": {
            "hashes": [
                "sha256:c203ec8783bf771a155b207279b9bccb8dea02d8f0c9e5f8ead507bc3246ecc1",
                "sha256:ef9d7589ef3c200abe66653d3f1ab1033c3c419ae9b9bdb1240a85b024efc88b"
            ],
            "version": "==2.4.7"
        },
        "python3-openid": {
            "hashes": [
                "sha256:33fbf6928f401e0b790151ed2b5290b02545e8775f982485205a066f874aaeaf",
                "sha256:6626f771e0417486701e0b4daff762e7212e820ca5b29fcc0d05f6f8736dfa6b"
            ],
            "version": "==3.2.0"
        },
        "pytz": {
            "hashes": [
                "sha256:83a4a90894bf38e243cf052c8b58f381bfe9a7a483f6a9cab140bc7f702ac4da",
                "sha256:eb10ce3e7736052ed3623d49975ce333bcd712c7bb19a58b9e2089d4057d0798"
            ],
            "version": "==2021.1"
        },
        "requests": {
            "hashes": [
                "sha256:27973dd4a904a4f13b263a19c866c13b92a39ed1c964655f025f3f8d3d75b804",
                "sha256:c210084e36a42ae6b9219e00e48287def368a26d03a048ddad7bfee44f75871e"
            ],
            "version": "==2.25.1"
        },
        "requests-oauthlib": {
            "hashes": [
                "sha256:7f71572defaecd16372f9006f33c2ec8c077c3cfa6f5911a9a90202beb513f3d",
                "sha256:b4261601a71fd721a8bd6d7aa1cc1d6a8a93b4a9f5e96626f8e4d91e8beeaa6a"
            ],
            "version": "==1.3.0"
        },
        "ruamel.yaml": {
            "hashes": [
                "sha256:25c3eaf4f0c52bd15c50c39b100a32168891240f4d2177a4690d5d9b85944bbe",
                "sha256:5c3fa739bbedd2f23769656784e671c6335d17a5bf163c3c3901d8663c0af287"
            ],
            "version": "==0.17.7"
        },
        "ruamel.yaml.clib": {
            "hashes": [
                "sha256:058a1cc3df2a8aecc12f983a48bda99315cebf55a3b3a5463e37bb599b05727b",
                "sha256:1236df55e0f73cd138c0eca074ee086136c3f16a97c2ac719032c050f7e0622f",
                "sha256:1f8c0a4577c0e6c99d208de5c4d3fd8aceed9574bb154d7a2b21c16bb924154c",
                "sha256:2602e91bd5c1b874d6f93d3086f9830f3e907c543c7672cf293a97c3fabdcd91",
                "sha256:28116f204103cb3a108dfd37668f20abe6e3cafd0d3fd40dba126c732457b3cc",
                "sha256:2d24bd98af676f4990c4d715bcdc2a60b19c56a3fb3a763164d2d8ca0e806ba7",
                "sha256:2fd336a5c6415c82e2deb40d08c222087febe0aebe520f4d21910629018ab0f3",
                "sha256:30dca9bbcbb1cc858717438218d11eafb78666759e5094dd767468c0d577a7e7",
                "sha256:44c7b0498c39f27795224438f1a6be6c5352f82cb887bc33d962c3a3acc00df6",
                "sha256:464e66a04e740d754170be5e740657a3b3b6d2bcc567f0c3437879a6e6087ff6",
                "sha256:46d6d20815064e8bb023ea8628cfb7402c0f0e83de2c2227a88097e239a7dffd",
                "sha256:4df5019e7783d14b79217ad9c56edf1ba7485d614ad5a385d1b3c768635c81c0",
                "sha256:4e52c96ca66de04be42ea2278012a2342d89f5e82b4512fb6fb7134e377e2e62",
                "sha256:5254af7d8bdf4d5484c089f929cb7f5bafa59b4f01d4f48adda4be41e6d29f99",
                "sha256:52ae5739e4b5d6317b52f5b040b1b6639e8af68a5b8fd606a8b08658fbd0cab5",
                "sha256:53b9dd1abd70e257a6e32f934ebc482dac5edb8c93e23deb663eac724c30b026",
                "sha256:6c0a5dc52fc74eb87c67374a4e554d4761fd42a4d01390b7e868b30d21f4b8bb",
                "sha256:73b3d43e04cc4b228fa6fa5d796409ece6fcb53a6c270eb2048109cbcbc3b9c2",
                "sha256:74161d827407f4db9072011adcfb825b5258a5ccb3d2cd518dd6c9edea9e30f1",
                "sha256:75f0ee6839532e52a3a53f80ce64925ed4aed697dd3fa890c4c918f3304bd4f4",
                "sha256:839dd72545ef7ba78fd2aa1a5dd07b33696adf3e68fae7f31327161c1093001b",
                "sha256:8be05be57dc5c7b4a0b24edcaa2f7275866d9c907725226cdde46da09367d923",
                "sha256:8e8fd0a22c9d92af3a34f91e8a2594eeb35cba90ab643c5e0e643567dc8be43e",
                "sha256:a873e4d4954f865dcb60bdc4914af7eaae48fb56b60ed6daa1d6251c72f5337c",
                "sha256:ab845f1f51f7eb750a78937be9f79baea4a42c7960f5a94dde34e69f3cce1988",
                "sha256:b1e981fe1aff1fd11627f531524826a4dcc1f26c726235a52fcb62ded27d150f",
                "sha256:b4b0d31f2052b3f9f9b5327024dc629a253a83d8649d4734ca7f35b60ec3e9e5",
                "sha256:c6ac7e45367b1317e56f1461719c853fd6825226f45b835df7436bb04031fd8a",
                "sha256:daf21aa33ee9b351f66deed30a3d450ab55c14242cfdfcd377798e2c0d25c9f1",
                "sha256:e9f7d1d8c26a6a12c23421061f9022bb62704e38211fe375c645485f38df34a2",
                "sha256:f6061a31880c1ed6b6ce341215336e2f3d0c1deccd84957b6fa8ca474b41e89f"
            ],
            "markers": "platform_python_implementation == 'CPython' and python_version < '3.10'",
            "version": "==0.2.2"
        },
        "six": {
            "hashes": [
                "sha256:1e61c37477a1626458e36f7b1d82aa5c9b094fa4802892072e49de9c60c4c926",
                "sha256:8abb2f1d86890a2dfb989f9a77cfcfd3e47c2a354b01111771326f8aa26e0254"
            ],
            "version": "==1.16.0"
        },
        "sqlparse": {
            "hashes": [
                "sha256:017cde379adbd6a1f15a61873f43e8274179378e95ef3fede90b5aa64d304ed0",
                "sha256:0f91fd2e829c44362cbcfab3e9ae12e22badaa8a29ad5ff599f9ec109f0454e8"
            ],
            "version": "==0.4.1"
        },
        "typing-extensions": {
            "hashes": [
                "sha256:0ac0f89795dd19de6b97debb0c6af1c70987fd80a2d62d1958f7e56fcc31b497",
                "sha256:50b6f157849174217d0656f99dc82fe932884fb250826c18350e159ec6cdf342",
                "sha256:779383f6086d90c99ae41cf0ff39aac8a7937a9283ce0a414e5dd782f4c94a84"
            ],
            "markers": "python_version < '3.8'",
            "version": "==3.10.0.0"
        },
        "uritemplate": {
            "hashes": [
                "sha256:07620c3f3f8eed1f12600845892b0e036a2420acf513c53f7de0abd911a5894f",
                "sha256:5af8ad10cec94f215e3f48112de2022e1d5a37ed427fbd88652fa908f2ab7cae"
            ],
            "version": "==3.0.1"
        },
        "urllib3": {
            "hashes": [
                "sha256:753a0374df26658f99d826cfe40394a686d05985786d946fbe4165b5148f5a7c",
                "sha256:a7acd0977125325f516bda9735fa7142b909a8d01e8b2e4c8108d0984e6e0098"
            ],
            "index": "pypi",
            "version": "==1.26.5"
        },
        "whitenoise": {
            "hashes": [
                "sha256:15f43b2e701821b95c9016cf469d29e2a546cb1c7dead584ba82c36f843995cf",
                "sha256:9d81515f2b5b27051910996e1e860b1332e354d9e7bcf30c98f21dcb6713e0dd"
            ],
            "index": "pypi",
            "version": "==3.3.1"
        },
        "zipp": {
            "hashes": [
                "sha256:3607921face881ba3e026887d8150cca609d517579abe052ac81fc5aeffdbd76",
                "sha256:51cb66cc54621609dd593d1787f286ee42a5c0adbb4b29abea5a63edc3e03098"
            ],
            "version": "==3.4.1"
        }
    },
    "develop": {}
}
